
Microsoft Visual Studio Solution File, Format Version 12.00
# Visual Studio Version 17
VisualStudioVersion = 17.7.34009.444
MinimumVisualStudioVersion = 10.0.40219.1
Project("{FAE04EC0-301F-11D3-BF4B-00C04F79EFBC}") = "BlazorTutorial", "BlazorTutorial\BlazorTutorial.csproj", "{5480E66A-8852-4372-9DDB-70951C7CF395}"
EndProject
Global
	GlobalSection(SolutionConfigurationPlatforms) = preSolution
		Debug|Any CPU = Debug|Any CPU
		Release|Any CPU = Release|Any CPU
	EndGlobalSection
	GlobalSection(ProjectConfigurationPlatforms) = postSolution
		{5480E66A-8852-4372-9DDB-70951C7CF395}.Debug|Any CPU.ActiveCfg = Debug|Any CPU
		{5480E66A-8852-4372-9DDB-70951C7CF395}.Debug|Any CPU.Build.0 = Debug|Any CPU
		{5480E66A-8852-4372-9DDB-70951C7CF395}.Release|Any CPU.ActiveCfg = Release|Any CPU
		{5480E66A-8852-4372-9DDB-70951C7CF395}.Release|Any CPU.Build.0 = Release|Any CPU
	EndGlobalSection
	GlobalSection(SolutionProperties) = preSolution
		HideSolutionNode = FALSE
	EndGlobalSection
	GlobalSection(ExtensibilityGlobals) = postSolution
		SolutionGuid = {9B1E1548-1341-4077-BF30-42BB43512FE8}
	EndGlobalSection
EndGlobal
